{
  "nodes": {
    "ffox-addons": {
      "inputs": {
        "nixpkgs": [
          "nixpkgs"
        ]
      },
      "locked": {
        "lastModified": 1779076963,
        "narHash": "sha256-/WW+ROVCQCoKX1yjTQJDY8E77F5Cad83HxO4QK6qiOo=",
        "owner": "rycee",
        "repo": "nur-expressions",
        "rev": "099e24aa811702ab1f788937cb782ea5910d11bc",
        "type": "gitlab"
      },
      "original": {
        "owner": "rycee",
        "repo": "nur-expressions",
        "type": "gitlab"
      }
    },
    "home-manager": {
      "inputs": {
        "nixpkgs": [
          "nixpkgs"
        ]
      },
      "locked": {
        "lastModified": 1783740085,
        "narHash": "sha256-qajyHfZY29G2oEQk+uHxmsJcRoBUBXP9maTpFlwP/dI=",
        "owner": "nix-community",
        "repo": "home-manager",
        "rev": "3cd22efe6471dc7365c822bd9ad73a21e55f38fb",
        "type": "github"
      },
      "original": {
        "owner": "nix-community",
        "ref": "release-26.05",
        "repo": "home-manager",
        "type": "github"
      }
    },
    "nixpkgs": {
      "locked": {
        "lastModified": 1783868237,
        "narHash": "sha256-MDQLbs882ugMi408mpSwa2nw2yzN43hHtOxx0zbUcZA=",
        "owner": "nixos",
        "repo": "nixpkgs",
        "rev": "76fe02659c00bef75e12fbfdd45ca665115e9302",
        "type": "github"
      },
      "original": {
        "owner": "nixos",
        "ref": "nixpkgs-26.05-darwin",
        "repo": "nixpkgs",
        "type": "github"
      }
    },
    "root": {
      "inputs": {
        "ffox-addons": "ffox-addons",
        "home-manager": "home-manager",
        "nixpkgs": "nixpkgs"
      }
    }
  },
  "root": "root",
  "version": 7
}
